
Microsoft Visual Studio Solution File, Format Version 12.00
# Visual Studio Version 16
VisualStudioVersion = 16.0.29519.181
MinimumVisualStudioVersion = 10.0.40219.1
Project("{FAE04EC0-301F-11D3-BF4B-00C04F79EFBC}") = "FitnessApp", "FitnessApp.csproj", "{C1FB9B04-D12A-4C89-843F-69A2A323AEBD}"
EndProject
Project("{FAE04EC0-301F-11D3-BF4B-00C04F79EFBC}") = "FitnessApp.Tests", "..\FitnessApp.Tests\FitnessApp.Tests.csproj", "{501400AD-5969-4BAD-AB27-73D4BC05E455}"
EndProject
Global
	GlobalSection(SolutionConfigurationPlatforms) = preSolution
		Debug|Any CPU = Debug|Any CPU
		Release|Any CPU = Release|Any CPU
	EndGlobalSection
	GlobalSection(ProjectConfigurationPlatforms) = postSolution
		{C1FB9B04-D12A-4C89-843F-69A2A323AEBD}.Debug|Any CPU.ActiveCfg = Debug|Any CPU
		{C1FB9B04-D12A-4C89-843F-69A2A323AEBD}.Debug|Any CPU.Build.0 = Debug|Any CPU
		{C1FB9B04-D12A-4C89-843F-69A2A323AEBD}.Release|Any CPU.ActiveCfg = Release|Any CPU
		{C1FB9B04-D12A-4C89-843F-69A2A323AEBD}.Release|Any CPU.Build.0 = Release|Any CPU
		{501400AD-5969-4BAD-AB27-73D4BC05E455}.Debug|Any CPU.ActiveCfg = Debug|Any CPU
		{501400AD-5969-4BAD-AB27-73D4BC05E455}.Debug|Any CPU.Build.0 = Debug|Any CPU
		{501400AD-5969-4BAD-AB27-73D4BC05E455}.Release|Any CPU.ActiveCfg = Release|Any CPU
		{501400AD-5969-4BAD-AB27-73D4BC05E455}.Release|Any CPU.Build.0 = Release|Any CPU
	EndGlobalSection
	GlobalSection(SolutionProperties) = preSolution
		HideSolutionNode = FALSE
	EndGlobalSection
	GlobalSection(ExtensibilityGlobals) = postSolution
		SolutionGuid = {7E90D498-71E2-4524-AF15-143ABB3842CC}
	EndGlobalSection
EndGlobal
